// !$*UTF8*$!
{
	archiveVersion = 1;
	classes = {
	};
	objectVersion = 46;
	objects = {

/* Begin PBXBuildFile section */
		426BC4A01D741AEE007F11B4 /* DACircularProgressView.m in Sources */ = {isa = PBXBuildFile; fileRef = 426BC47F1D741AEE007F11B4 /* DACircularProgressView.m */; };
		426BC4A11D741AEE007F11B4 /* DALabeledCircularProgressView.m in Sources */ = {isa = PBXBuildFile; fileRef = 426BC4811D741AEE007F11B4 /* DALabeledCircularProgressView.m */; };
		426BC4A21D741AEE007F11B4 /* NSData+ImageContentType.m in Sources */ = {isa = PBXBuildFile; fileRef = 426BC4841D741AEE007F11B4 /* NSData+ImageContentType.m */; };
		426BC4A31D741AEE007F11B4 /* SDImageCache.m in Sources */ = {isa = PBXBuildFile; fileRef = 426BC4861D741AEE007F11B4 /* SDImageCache.m */; };
		426BC4A41D741AEE007F11B4 /* SDWebImageCompat.m in Sources */ = {isa = PBXBuildFile; fileRef = 426BC4881D741AEE007F11B4 /* SDWebImageCompat.m */; };
		426BC4A51D741AEE007F11B4 /* SDWebImageDecoder.m in Sources */ = {isa = PBXBuildFile; fileRef = 426BC48A1D741AEE007F11B4 /* SDWebImageDecoder.m */; };
		426BC4A61D741AEE007F11B4 /* SDWebImageDownloader.m in Sources */ = {isa = PBXBuildFile; fileRef = 426BC48C1D741AEE007F11B4 /* SDWebImageDownloader.m */; };
		426BC4A71D741AEE007F11B4 /* SDWebImageDownloaderOperation.m in Sources */ = {isa = PBXBuildFile; fileRef = 426BC48E1D741AEE007F11B4 /* SDWebImageDownloaderOperation.m */; };
		426BC4A81D741AEE007F11B4 /* SDWebImageManager.m in Sources */ = {isa = PBXBuildFile; fileRef = 426BC4901D741AEE007F11B4 /* SDWebImageManager.m */; };
		426BC4A91D741AEE007F11B4 /* SDWebImagePrefetcher.m in Sources */ = {isa = PBXBuildFile; fileRef = 426BC4931D741AEE007F11B4 /* SDWebImagePrefetcher.m */; };
		426BC4AA1D741AEE007F11B4 /* UIButton+WebCache.m in Sources */ = {isa = PBXBuildFile; fileRef = 426BC4951D741AEE007F11B4 /* UIButton+WebCache.m */; };
		426BC4AB1D741AEE007F11B4 /* UIImage+GIF.m in Sources */ = {isa = PBXBuildFile; fileRef = 426BC4971D741AEE007F11B4 /* UIImage+GIF.m */; };
		426BC4AC1D741AEE007F11B4 /* UIImage+MultiFormat.m in Sources */ = {isa = PBXBuildFile; fileRef = 426BC4991D741AEE007F11B4 /* UIImage+MultiFormat.m */; };
		426BC4AD1D741AEE007F11B4 /* UIImageView+HighlightedWebCache.m in Sources */ = {isa = PBXBuildFile; fileRef = 426BC49B1D741AEE007F11B4 /* UIImageView+HighlightedWebCache.m */; };
		426BC4AE1D741AEE007F11B4 /* UIImageView+WebCache.m in Sources */ = {isa = PBXBuildFile; fileRef = 426BC49D1D741AEE007F11B4 /* UIImageView+WebCache.m */; };
		426BC4AF1D741AEE007F11B4 /* UIView+WebCacheOperation.m in Sources */ = {isa = PBXBuildFile; fileRef = 426BC49F1D741AEE007F11B4 /* UIView+WebCacheOperation.m */; };
		426BC4C41D741E61007F11B4 /* MLPhoto.m in Sources */ = {isa = PBXBuildFile; fileRef = 426BC4B21D741E61007F11B4 /* MLPhoto.m */; };
		426BC4C61D741E61007F11B4 /* MLPhotoBrowserViewController.m in Sources */ = {isa = PBXBuildFile; fileRef = 426BC4B71D741E61007F11B4 /* MLPhotoBrowserViewController.m */; };
		426BC4C71D741E61007F11B4 /* MLPhotoBrowserCollectionCell.m in Sources */ = {isa = PBXBuildFile; fileRef = 426BC4BA1D741E61007F11B4 /* MLPhotoBrowserCollectionCell.m */; };
		426BC4C81D741E61007F11B4 /* MLPhotoBrowserCollectionCell.xib in Resources */ = {isa = PBXBuildFile; fileRef = 426BC4BB1D741E61007F11B4 /* MLPhotoBrowserCollectionCell.xib */; };
		426BC4C91D741E61007F11B4 /* MLPhotoPickerBrowserPhotoImageView.m in Sources */ = {isa = PBXBuildFile; fileRef = 426BC4BD1D741E61007F11B4 /* MLPhotoPickerBrowserPhotoImageView.m */; };
		426BC4CA1D741E61007F11B4 /* MLPhotoPickerBrowserPhotoScrollView.m in Sources */ = {isa = PBXBuildFile; fileRef = 426BC4BF1D741E61007F11B4 /* MLPhotoPickerBrowserPhotoScrollView.m */; };
		426BC4CB1D741E61007F11B4 /* MLPhotoPickerBrowserPhotoView.m in Sources */ = {isa = PBXBuildFile; fileRef = 426BC4C11D741E61007F11B4 /* MLPhotoPickerBrowserPhotoView.m */; };
		426BC4CF1D741E9D007F11B4 /* MLPhotoKitData.m in Sources */ = {isa = PBXBuildFile; fileRef = 426BC4CE1D741E9D007F11B4 /* MLPhotoKitData.m */; };
		426BC4D21D741EBA007F11B4 /* MLPhotoAsset.m in Sources */ = {isa = PBXBuildFile; fileRef = 426BC4D11D741EBA007F11B4 /* MLPhotoAsset.m */; };
		426BC4D51D741F19007F11B4 /* BrowserViewController.m in Sources */ = {isa = PBXBuildFile; fileRef = 426BC4D41D741F19007F11B4 /* BrowserViewController.m */; };
		4274E4491D4F21C0001D39C3 /* main.m in Sources */ = {isa = PBXBuildFile; fileRef = 4274E4481D4F21C0001D39C3 /* main.m */; };
		4274E44C1D4F21C0001D39C3 /* AppDelegate.m in Sources */ = {isa = PBXBuildFile; fileRef = 4274E44B1D4F21C0001D39C3 /* AppDelegate.m */; };
		4274E44F1D4F21C0001D39C3 /* ViewController.m in Sources */ = {isa = PBXBuildFile; fileRef = 4274E44E1D4F21C0001D39C3 /* ViewController.m */; };
		4274E4521D4F21C0001D39C3 /* Main.storyboard in Resources */ = {isa = PBXBuildFile; fileRef = 4274E4501D4F21C0001D39C3 /* Main.storyboard */; };
		4274E4541D4F21C0001D39C3 /* Assets.xcassets in Resources */ = {isa = PBXBuildFile; fileRef = 4274E4531D4F21C0001D39C3 /* Assets.xcassets */; };
		4274E4571D4F21C0001D39C3 /* LaunchScreen.storyboard in Resources */ = {isa = PBXBuildFile; fileRef = 4274E4551D4F21C0001D39C3 /* LaunchScreen.storyboard */; };
		4274E4621D4F21C0001D39C3 /* MLPhotoLibTests.m in Sources */ = {isa = PBXBuildFile; fileRef = 4274E4611D4F21C0001D39C3 /* MLPhotoLibTests.m */; };
		4274E46D1D4F21C1001D39C3 /* MLPhotoLibUITests.m in Sources */ = {isa = PBXBuildFile; fileRef = 4274E46C1D4F21C1001D39C3 /* MLPhotoLibUITests.m */; };
		42B97B351D659B290097EFC0 /* MLPhotoRect.m in Sources */ = {isa = PBXBuildFile; fileRef = 42B97B341D659B290097EFC0 /* MLPhotoRect.m */; };
		42B97B381D659B750097EFC0 /* MLPhotoPickerManager.m in Sources */ = {isa = PBXBuildFile; fileRef = 42B97B371D659B750097EFC0 /* MLPhotoPickerManager.m */; };
		42B97B3C1D659D770097EFC0 /* MLImagePickerHUD.m in Sources */ = {isa = PBXBuildFile; fileRef = 42B97B3B1D659D770097EFC0 /* MLImagePickerHUD.m */; };
		42B97B3F1D659DA10097EFC0 /* MLNavigationViewController.m in Sources */ = {isa = PBXBuildFile; fileRef = 42B97B3E1D659DA10097EFC0 /* MLNavigationViewController.m */; };
		42DE090B1D643ED40064DC7C /* MLPhotoPickerAssetsManager.m in Sources */ = {isa = PBXBuildFile; fileRef = 42DE08EA1D643ED40064DC7C /* MLPhotoPickerAssetsManager.m */; };
		42DE090C1D643ED40064DC7C /* MLPhotoPickerData.m in Sources */ = {isa = PBXBuildFile; fileRef = 42DE08EC1D643ED40064DC7C /* MLPhotoPickerData.m */; };
		42DE090E1D643ED40064DC7C /* MLImagePickerCollectionViewCell.m in Sources */ = {isa = PBXBuildFile; fileRef = 42DE08F11D643ED40064DC7C /* MLImagePickerCollectionViewCell.m */; };
		42DE090F1D643ED40064DC7C /* MLImagePickerCollectionViewCell.xib in Resources */ = {isa = PBXBuildFile; fileRef = 42DE08F21D643ED40064DC7C /* MLImagePickerCollectionViewCell.xib */; };
		42DE09111D643ED40064DC7C /* MLImagePickerMenuTableViewCell.m in Sources */ = {isa = PBXBuildFile; fileRef = 42DE08F61D643ED40064DC7C /* MLImagePickerMenuTableViewCell.m */; };
		42DE09121D643ED40064DC7C /* MLImagePickerMenuTableViewCell.xib in Resources */ = {isa = PBXBuildFile; fileRef = 42DE08F71D643ED40064DC7C /* MLImagePickerMenuTableViewCell.xib */; };
		42DE09131D643ED40064DC7C /* MLPhotoPickerCollectionView.m in Sources */ = {isa = PBXBuildFile; fileRef = 42DE08F91D643ED40064DC7C /* MLPhotoPickerCollectionView.m */; };
		42DE09141D643ED40064DC7C /* UIButton+Animation.m in Sources */ = {isa = PBXBuildFile; fileRef = 42DE08FB1D643ED40064DC7C /* UIButton+Animation.m */; };
		42DE09151D643ED40064DC7C /* MLImagePickerViewController+MenuTableViewDataSource.m in Sources */ = {isa = PBXBuildFile; fileRef = 42DE08FE1D643ED40064DC7C /* MLImagePickerViewController+MenuTableViewDataSource.m */; };
		42DE09161D643ED40064DC7C /* MLImagePickerViewController.m in Sources */ = {isa = PBXBuildFile; fileRef = 42DE09001D643ED40064DC7C /* MLImagePickerViewController.m */; };
		42DE09181D643ED40064DC7C /* MLImagePickerController.bundle in Resources */ = {isa = PBXBuildFile; fileRef = 42DE09031D643ED40064DC7C /* MLImagePickerController.bundle */; };
/* End PBXBuildFile section */

/* Begin PBXContainerItemProxy section */
		4274E45E1D4F21C0001D39C3 /* PBXContainerItemProxy */ = {
			isa = PBXContainerItemProxy;
			containerPortal = 4274E43C1D4F21C0001D39C3 /* Project object */;
			proxyType = 1;
			remoteGlobalIDString = 4274E4431D4F21C0001D39C3;
			remoteInfo = MLPhotoLib;
		};
		4274E4691D4F21C1001D39C3 /* PBXContainerItemProxy */ = {
			isa = PBXContainerItemProxy;
			containerPortal = 4274E43C1D4F21C0001D39C3 /* Project object */;
			proxyType = 1;
			remoteGlobalIDString = 4274E4431D4F21C0001D39C3;
			remoteInfo = MLPhotoLib;
		};
/* End PBXContainerItemProxy section */

/* Begin PBXFileReference section */
		426BC47E1D741AEE007F11B4 /* DACircularProgressView.h */ = {isa = PBXFileReference; fileEncoding = 4; lastKnownFileType = sourcecode.c.h; path = DACircularProgressView.h; sourceTree = "<group>"; };
		426BC47F1D741AEE007F11B4 /* DACircularProgressView.m */ = {isa = PBXFileReference; fileEncoding = 4; lastKnownFileType = sourcecode.c.objc; path = DACircularProgressView.m; sourceTree = "<group>"; };
		426BC4801D741AEE007F11B4 /* DALabeledCircularProgressView.h */ = {isa = PBXFileReference; fileEncoding = 4; lastKnownFileType = sourcecode.c.h; path = DALabeledCircularProgressView.h; sourceTree = "<group>"; };
		426BC4811D741AEE007F11B4 /* DALabeledCircularProgressView.m */ = {isa = PBXFileReference; fileEncoding = 4; lastKnownFileType = sourcecode.c.objc; path = DALabeledCircularProgressView.m; sourceTree = "<group>"; };
		426BC4831D741AEE007F11B4 /* NSData+ImageContentType.h */ = {isa = PBXFileReference; fileEncoding = 4; lastKnownFileType = sourcecode.c.h; path = "NSData+ImageContentType.h"; sourceTree = "<group>"; };
		426BC4841D741AEE007F11B4 /* NSData+ImageContentType.m */ = {isa = PBXFileReference; fileEncoding = 4; lastKnownFileType = sourcecode.c.objc; path = "NSData+ImageContentType.m"; sourceTree = "<group>"; };
		426BC4851D741AEE007F11B4 /* SDImageCache.h */ = {isa = PBXFileReference; fileEncoding = 4; lastKnownFileType = sourcecode.c.h; path = SDImageCache.h; sourceTree = "<group>"; };
		426BC4861D741AEE007F11B4 /* SDImageCache.m */ = {isa = PBXFileReference; fileEncoding = 4; lastKnownFileType = sourcecode.c.objc; path = SDImageCache.m; sourceTree = "<group>"; };
		426BC4871D741AEE007F11B4 /* SDWebImageCompat.h */ = {isa = PBXFileReference; fileEncoding = 4; lastKnownFileType = sourcecode.c.h; path = SDWebImageCompat.h; sourceTree = "<group>"; };
		426BC4881D741AEE007F11B4 /* SDWebImageCompat.m */ = {isa = PBXFileReference; fileEncoding = 4; lastKnownFileType = sourcecode.c.objc; path = SDWebImageCompat.m; sourceTree = "<group>"; };
		426BC4891D741AEE007F11B4 /* SDWebImageDecoder.h */ = {isa = PBXFileReference; fileEncoding = 4; lastKnownFileType = sourcecode.c.h; path = SDWebImageDecoder.h; sourceTree = "<group>"; };
		426BC48A1D741AEE007F11B4 /* SDWebImageDecoder.m */ = {isa = PBXFileReference; fileEncoding = 4; lastKnownFileType = sourcecode.c.objc; path = SDWebImageDecoder.m; sourceTree = "<group>"; };
		426BC48B1D741AEE007F11B4 /* SDWebImageDownloader.h */ = {isa = PBXFileReference; fileEncoding = 4; lastKnownFileType = sourcecode.c.h; path = SDWebImageDownloader.h; sourceTree = "<group>"; };
		426BC48C1D741AEE007F11B4 /* SDWebImageDownloader.m */ = {isa = PBXFileReference; fileEncoding = 4; lastKnownFileType = sourcecode.c.objc; path = SDWebImageDownloader.m; sourceTree = "<group>"; };
		426BC48D1D741AEE007F11B4 /* SDWebImageDownloaderOperation.h */ = {isa = PBXFileReference; fileEncoding = 4; lastKnownFileType = sourcecode.c.h; path = SDWebImageDownloaderOperation.h; sourceTree = "<group>"; };
		426BC48E1D741AEE007F11B4 /* SDWebImageDownloaderOperation.m */ = {isa = PBXFileReference; fileEncoding = 4; lastKnownFileType = sourcecode.c.objc; path = SDWebImageDownloaderOperation.m; sourceTree = "<group>"; };
		426BC48F1D741AEE007F11B4 /* SDWebImageManager.h */ = {isa = PBXFileReference; fileEncoding = 4; lastKnownFileType = sourcecode.c.h; path = SDWebImageManager.h; sourceTree = "<group>"; };
		426BC4901D741AEE007F11B4 /* SDWebImageManager.m */ = {isa = PBXFileReference; fileEncoding = 4; lastKnownFileType = sourcecode.c.objc; path = SDWebImageManager.m; sourceTree = "<group>"; };
		426BC4911D741AEE007F11B4 /* SDWebImageOperation.h */ = {isa = PBXFileReference; fileEncoding = 4; lastKnownFileType = sourcecode.c.h; path = SDWebImageOperation.h; sourceTree = "<group>"; };
		426BC4921D741AEE007F11B4 /* SDWebImagePrefetcher.h */ = {isa = PBXFileReference; fileEncoding = 4; lastKnownFileType = sourcecode.c.h; path = SDWebImagePrefetcher.h; sourceTree = "<group>"; };
		426BC4931D741AEE007F11B4 /* SDWebImagePrefetcher.m */ = {isa = PBXFileReference; fileEncoding = 4; lastKnownFileType = sourcecode.c.objc; path = SDWebImagePrefetcher.m; sourceTree = "<group>"; };
		426BC4941D741AEE007F11B4 /* UIButton+WebCache.h */ = {isa = PBXFileReference; fileEncoding = 4; lastKnownFileType = sourcecode.c.h; path = "UIButton+WebCache.h"; sourceTree = "<group>"; };
		426BC4951D741AEE007F11B4 /* UIButton+WebCache.m */ = {isa = PBXFileReference; fileEncoding = 4; lastKnownFileType = sourcecode.c.objc; path = "UIButton+WebCache.m"; sourceTree = "<group>"; };
		426BC4961D741AEE007F11B4 /* UIImage+GIF.h */ = {isa = PBXFileReference; fileEncoding = 4; lastKnownFileType = sourcecode.c.h; path = "UIImage+GIF.h"; sourceTree = "<group>"; };
		426BC4971D741AEE007F11B4 /* UIImage+GIF.m */ = {isa = PBXFileReference; fileEncoding = 4; lastKnownFileType = sourcecode.c.objc; path = "UIImage+GIF.m"; sourceTree = "<group>"; };
		426BC4981D741AEE007F11B4 /* UIImage+MultiFormat.h */ = {isa = PBXFileReference; fileEncoding = 4; lastKnownFileType = sourcecode.c.h; path = "UIImage+MultiFormat.h"; sourceTree = "<group>"; };
		426BC4991D741AEE007F11B4 /* UIImage+MultiFormat.m */ = {isa = PBXFileReference; fileEncoding = 4; lastKnownFileType = sourcecode.c.objc; path = "UIImage+MultiFormat.m"; sourceTree = "<group>"; };
		426BC49A1D741AEE007F11B4 /* UIImageView+HighlightedWebCache.h */ = {isa = PBXFileReference; fileEncoding = 4; lastKnownFileType = sourcecode.c.h; path = "UIImageView+HighlightedWebCache.h"; sourceTree = "<group>"; };
		426BC49B1D741AEE007F11B4 /* UIImageView+HighlightedWebCache.m */ = {isa = PBXFileReference; fileEncoding = 4; lastKnownFileType = sourcecode.c.objc; path = "UIImageView+HighlightedWebCache.m"; sourceTree = "<group>"; };
		426BC49C1D741AEE007F11B4 /* UIImageView+WebCache.h */ = {isa = PBXFileReference; fileEncoding = 4; lastKnownFileType = sourcecode.c.h; path = "UIImageView+WebCache.h"; sourceTree = "<group>"; };
		426BC49D1D741AEE007F11B4 /* UIImageView+WebCache.m */ = {isa = PBXFileReference; fileEncoding = 4; lastKnownFileType = sourcecode.c.objc; path = "UIImageView+WebCache.m"; sourceTree = "<group>"; };
		426BC49E1D741AEE007F11B4 /* UIView+WebCacheOperation.h */ = {isa = PBXFileReference; fileEncoding = 4; lastKnownFileType = sourcecode.c.h; path = "UIView+WebCacheOperation.h"; sourceTree = "<group>"; };
		426BC49F1D741AEE007F11B4 /* UIView+WebCacheOperation.m */ = {isa = PBXFileReference; fileEncoding = 4; lastKnownFileType = sourcecode.c.objc; path = "UIView+WebCacheOperation.m"; sourceTree = "<group>"; };
		426BC4B11D741E61007F11B4 /* MLPhoto.h */ = {isa = PBXFileReference; fileEncoding = 4; lastKnownFileType = sourcecode.c.h; path = MLPhoto.h; sourceTree = "<group>"; };
		426BC4B21D741E61007F11B4 /* MLPhoto.m */ = {isa = PBXFileReference; fileEncoding = 4; lastKnownFileType = sourcecode.c.objc; path = MLPhoto.m; sourceTree = "<group>"; };
		426BC4B61D741E61007F11B4 /* MLPhotoBrowserViewController.h */ = {isa = PBXFileReference; fileEncoding = 4; lastKnownFileType = sourcecode.c.h; path = MLPhotoBrowserViewController.h; sourceTree = "<group>"; };
		426BC4B71D741E61007F11B4 /* MLPhotoBrowserViewController.m */ = {isa = PBXFileReference; fileEncoding = 4; lastKnownFileType = sourcecode.c.objc; path = MLPhotoBrowserViewController.m; sourceTree = "<group>"; };
		426BC4B91D741E61007F11B4 /* MLPhotoBrowserCollectionCell.h */ = {isa = PBXFileReference; fileEncoding = 4; lastKnownFileType = sourcecode.c.h; path = MLPhotoBrowserCollectionCell.h; sourceTree = "<group>"; };
		426BC4BA1D741E61007F11B4 /* MLPhotoBrowserCollectionCell.m */ = {isa = PBXFileReference; fileEncoding = 4; lastKnownFileType = sourcecode.c.objc; path = MLPhotoBrowserCollectionCell.m; sourceTree = "<group>"; };
		426BC4BB1D741E61007F11B4 /* MLPhotoBrowserCollectionCell.xib */ = {isa = PBXFileReference; fileEncoding = 4; lastKnownFileType = file.xib; path = MLPhotoBrowserCollectionCell.xib; sourceTree = "<group>"; };
		426BC4BC1D741E61007F11B4 /* MLPhotoPickerBrowserPhotoImageView.h */ = {isa = PBXFileReference; fileEncoding = 4; lastKnownFileType = sourcecode.c.h; path = MLPhotoPickerBrowserPhotoImageView.h; sourceTree = "<group>"; };
		426BC4BD1D741E61007F11B4 /* MLPhotoPickerBrowserPhotoImageView.m */ = {isa = PBXFileReference; fileEncoding = 4; lastKnownFileType = sourcecode.c.objc; path = MLPhotoPickerBrowserPhotoImageView.m; sourceTree = "<group>"; };
		426BC4BE1D741E61007F11B4 /* MLPhotoPickerBrowserPhotoScrollView.h */ = {isa = PBXFileReference; fileEncoding = 4; lastKnownFileType = sourcecode.c.h; path = MLPhotoPickerBrowserPhotoScrollView.h; sourceTree = "<group>"; };
		426BC4BF1D741E61007F11B4 /* MLPhotoPickerBrowserPhotoScrollView.m */ = {isa = PBXFileReference; fileEncoding = 4; lastKnownFileType = sourcecode.c.objc; path = MLPhotoPickerBrowserPhotoScrollView.m; sourceTree = "<group>"; };
		426BC4C01D741E61007F11B4 /* MLPhotoPickerBrowserPhotoView.h */ = {isa = PBXFileReference; fileEncoding = 4; lastKnownFileType = sourcecode.c.h; path = MLPhotoPickerBrowserPhotoView.h; sourceTree = "<group>"; };
		426BC4C11D741E61007F11B4 /* MLPhotoPickerBrowserPhotoView.m */ = {isa = PBXFileReference; fileEncoding = 4; lastKnownFileType = sourcecode.c.objc; path = MLPhotoPickerBrowserPhotoView.m; sourceTree = "<group>"; };
		426BC4CD1D741E9D007F11B4 /* MLPhotoKitData.h */ = {isa = PBXFileReference; fileEncoding = 4; lastKnownFileType = sourcecode.c.h; path = MLPhotoKitData.h; sourceTree = "<group>"; };
		426BC4CE1D741E9D007F11B4 /* MLPhotoKitData.m */ = {isa = PBXFileReference; fileEncoding = 4; lastKnownFileType = sourcecode.c.objc; path = MLPhotoKitData.m; sourceTree = "<group>"; };
		426BC4D01D741EBA007F11B4 /* MLPhotoAsset.h */ = {isa = PBXFileReference; fileEncoding = 4; lastKnownFileType = sourcecode.c.h; path = MLPhotoAsset.h; sourceTree = "<group>"; };
		426BC4D11D741EBA007F11B4 /* MLPhotoAsset.m */ = {isa = PBXFileReference; fileEncoding = 4; lastKnownFileType = sourcecode.c.objc; path = MLPhotoAsset.m; sourceTree = "<group>"; };
		426BC4D31D741F19007F11B4 /* BrowserViewController.h */ = {isa = PBXFileReference; fileEncoding = 4; lastKnownFileType = sourcecode.c.h; path = BrowserViewController.h; sourceTree = "<group>"; };
		426BC4D41D741F19007F11B4 /* BrowserViewController.m */ = {isa = PBXFileReference; fileEncoding = 4; lastKnownFileType = sourcecode.c.objc; path = BrowserViewController.m; sourceTree = "<group>"; };
		4274E4441D4F21C0001D39C3 /* MLPhotoLib.app */ = {isa = PBXFileReference; explicitFileType = wrapper.application; includeInIndex = 0; path = MLPhotoLib.app; sourceTree = BUILT_PRODUCTS_DIR; };
		4274E4481D4F21C0001D39C3 /* main.m */ = {isa = PBXFileReference; lastKnownFileType = sourcecode.c.objc; path = main.m; sourceTree = "<group>"; };
		4274E44A1D4F21C0001D39C3 /* AppDelegate.h */ = {isa = PBXFileReference; lastKnownFileType = sourcecode.c.h; path = AppDelegate.h; sourceTree = "<group>"; };
		4274E44B1D4F21C0001D39C3 /* AppDelegate.m */ = {isa = PBXFileReference; lastKnownFileType = sourcecode.c.objc; path = AppDelegate.m; sourceTree = "<group>"; };
		4274E44D1D4F21C0001D39C3 /* ViewController.h */ = {isa = PBXFileReference; lastKnownFileType = sourcecode.c.h; path = ViewController.h; sourceTree = "<group>"; };
		4274E44E1D4F21C0001D39C3 /* ViewController.m */ = {isa = PBXFileReference; lastKnownFileType = sourcecode.c.objc; path = ViewController.m; sourceTree = "<group>"; };
		4274E4511D4F21C0001D39C3 /* Base */ = {isa = PBXFileReference; lastKnownFileType = file.storyboard; name = Base; path = Base.lproj/Main.storyboard; sourceTree = "<group>"; };
		4274E4531D4F21C0001D39C3 /* Assets.xcassets */ = {isa = PBXFileReference; lastKnownFileType = folder.assetcatalog; path = Assets.xcassets; sourceTree = "<group>"; };
		4274E4561D4F21C0001D39C3 /* Base */ = {isa = PBXFileReference; lastKnownFileType = file.storyboard; name = Base; path = Base.lproj/LaunchScreen.storyboard; sourceTree = "<group>"; };
		4274E4581D4F21C0001D39C3 /* Info.plist */ = {isa = PBXFileReference; lastKnownFileType = text.plist.xml; path = Info.plist; sourceTree = "<group>"; };
		4274E45D1D4F21C0001D39C3 /* MLPhotoLibTests.xctest */ = {isa = PBXFileReference; explicitFileType = wrapper.cfbundle; includeInIndex = 0; path = MLPhotoLibTests.xctest; sourceTree = BUILT_PRODUCTS_DIR; };
		4274E4611D4F21C0001D39C3 /* MLPhotoLibTests.m */ = {isa = PBXFileReference; lastKnownFileType = sourcecode.c.objc; path = MLPhotoLibTests.m; sourceTree = "<group>"; };
		4274E4631D4F21C1001D39C3 /* Info.plist */ = {isa = PBXFileReference; lastKnownFileType = text.plist.xml; path = Info.plist; sourceTree = "<group>"; };
		4274E4681D4F21C1001D39C3 /* MLPhotoLibUITests.xctest */ = {isa = PBXFileReference; explicitFileType = wrapper.cfbundle; includeInIndex = 0; path = MLPhotoLibUITests.xctest; sourceTree = BUILT_PRODUCTS_DIR; };
		4274E46C1D4F21C1001D39C3 /* MLPhotoLibUITests.m */ = {isa = PBXFileReference; lastKnownFileType = sourcecode.c.objc; path = MLPhotoLibUITests.m; sourceTree = "<group>"; };
		4274E46E1D4F21C1001D39C3 /* Info.plist */ = {isa = PBXFileReference; lastKnownFileType = text.plist.xml; path = Info.plist; sourceTree = "<group>"; };
		42B97B331D659B290097EFC0 /* MLPhotoRect.h */ = {isa = PBXFileReference; fileEncoding = 4; lastKnownFileType = sourcecode.c.h; path = MLPhotoRect.h; sourceTree = "<group>"; };
		42B97B341D659B290097EFC0 /* MLPhotoRect.m */ = {isa = PBXFileReference; fileEncoding = 4; lastKnownFileType = sourcecode.c.objc; path = MLPhotoRect.m; sourceTree = "<group>"; };
		42B97B361D659B750097EFC0 /* MLPhotoPickerManager.h */ = {isa = PBXFileReference; fileEncoding = 4; lastKnownFileType = sourcecode.c.h; path = MLPhotoPickerManager.h; sourceTree = "<group>"; };
		42B97B371D659B750097EFC0 /* MLPhotoPickerManager.m */ = {isa = PBXFileReference; fileEncoding = 4; lastKnownFileType = sourcecode.c.objc; path = MLPhotoPickerManager.m; sourceTree = "<group>"; };
		42B97B391D659CD50097EFC0 /* MLPhotoPickerHeader.h */ = {isa = PBXFileReference; lastKnownFileType = sourcecode.c.h; path = MLPhotoPickerHeader.h; sourceTree = "<group>"; };
		42B97B3A1D659D770097EFC0 /* MLImagePickerHUD.h */ = {isa = PBXFileReference; fileEncoding = 4; lastKnownFileType = sourcecode.c.h; path = MLImagePickerHUD.h; sourceTree = "<group>"; };
		42B97B3B1D659D770097EFC0 /* MLImagePickerHUD.m */ = {isa = PBXFileReference; fileEncoding = 4; lastKnownFileType = sourcecode.c.objc; path = MLImagePickerHUD.m; sourceTree = "<group>"; };
		42B97B3D1D659DA10097EFC0 /* MLNavigationViewController.h */ = {isa = PBXFileReference; fileEncoding = 4; lastKnownFileType = sourcecode.c.h; path = MLNavigationViewController.h; sourceTree = "<group>"; };
		42B97B3E1D659DA10097EFC0 /* MLNavigationViewController.m */ = {isa = PBXFileReference; fileEncoding = 4; lastKnownFileType = sourcecode.c.objc; path = MLNavigationViewController.m; sourceTree = "<group>"; };
		42DE08E91D643ED40064DC7C /* MLPhotoPickerAssetsManager.h */ = {isa = PBXFileReference; fileEncoding = 4; lastKnownFileType = sourcecode.c.h; path = MLPhotoPickerAssetsManager.h; sourceTree = "<group>"; };
		42DE08EA1D643ED40064DC7C /* MLPhotoPickerAssetsManager.m */ = {isa = PBXFileReference; fileEncoding = 4; lastKnownFileType = sourcecode.c.objc; path = MLPhotoPickerAssetsManager.m; sourceTree = "<group>"; };
		42DE08EB1D643ED40064DC7C /* MLPhotoPickerData.h */ = {isa = PBXFileReference; fileEncoding = 4; lastKnownFileType = sourcecode.c.h; path = MLPhotoPickerData.h; sourceTree = "<group>"; };
		42DE08EC1D643ED40064DC7C /* MLPhotoPickerData.m */ = {isa = PBXFileReference; fileEncoding = 4; lastKnownFileType = sourcecode.c.objc; path = MLPhotoPickerData.m; sourceTree = "<group>"; };
		42DE08F01D643ED40064DC7C /* MLImagePickerCollectionViewCell.h */ = {isa = PBXFileReference; fileEncoding = 4; lastKnownFileType = sourcecode.c.h; path = MLImagePickerCollectionViewCell.h; sourceTree = "<group>"; };
		42DE08F11D643ED40064DC7C /* MLImagePickerCollectionViewCell.m */ = {isa = PBXFileReference; fileEncoding = 4; lastKnownFileType = sourcecode.c.objc; path = MLImagePickerCollectionViewCell.m; sourceTree = "<group>"; };
		42DE08F21D643ED40064DC7C /* MLImagePickerCollectionViewCell.xib */ = {isa = PBXFileReference; fileEncoding = 4; lastKnownFileType = file.xib; path = MLImagePickerCollectionViewCell.xib; sourceTree = "<group>"; };
		42DE08F51D643ED40064DC7C /* MLImagePickerMenuTableViewCell.h */ = {isa = PBXFileReference; fileEncoding = 4; lastKnownFileType = sourcecode.c.h; path = MLImagePickerMenuTableViewCell.h; sourceTree = "<group>"; };
		42DE08F61D643ED40064DC7C /* MLImagePickerMenuTableViewCell.m */ = {isa = PBXFileReference; fileEncoding = 4; lastKnownFileType = sourcecode.c.objc; path = MLImagePickerMenuTableViewCell.m; sourceTree = "<group>"; };
		42DE08F71D643ED40064DC7C /* MLImagePickerMenuTableViewCell.xib */ = {isa = PBXFileReference; fileEncoding = 4; lastKnownFileType = file.xib; path = MLImagePickerMenuTableViewCell.xib; sourceTree = "<group>"; };
		42DE08F81D643ED40064DC7C /* MLPhotoPickerCollectionView.h */ = {isa = PBXFileReference; fileEncoding = 4; lastKnownFileType = sourcecode.c.h; path = MLPhotoPickerCollectionView.h; sourceTree = "<group>"; };
		42DE08F91D643ED40064DC7C /* MLPhotoPickerCollectionView.m */ = {isa = PBXFileReference; fileEncoding = 4; lastKnownFileType = sourcecode.c.objc; path = MLPhotoPickerCollectionView.m; sourceTree = "<group>"; };
		42DE08FA1D643ED40064DC7C /* UIButton+Animation.h */ = {isa = PBXFileReference; fileEncoding = 4; lastKnownFileType = sourcecode.c.h; path = "UIButton+Animation.h"; sourceTree = "<group>"; };
		42DE08FB1D643ED40064DC7C /* UIButton+Animation.m */ = {isa = PBXFileReference; fileEncoding = 4; lastKnownFileType = sourcecode.c.objc; path = "UIButton+Animation.m"; sourceTree = "<group>"; };
		42DE08FD1D643ED40064DC7C /* MLImagePickerViewController+MenuTableViewDataSource.h */ = {isa = PBXFileReference; fileEncoding = 4; lastKnownFileType = sourcecode.c.h; path = "MLImagePickerViewController+MenuTableViewDataSource.h"; sourceTree = "<group>"; };
		42DE08FE1D643ED40064DC7C /* MLImagePickerViewController+MenuTableViewDataSource.m */ = {isa = PBXFileReference; fileEncoding = 4; lastKnownFileType = sourcecode.c.objc; path = "MLImagePickerViewController+MenuTableViewDataSource.m"; sourceTree = "<group>"; };
		42DE08FF1D643ED40064DC7C /* MLImagePickerViewController.h */ = {isa = PBXFileReference; fileEncoding = 4; lastKnownFileType = sourcecode.c.h; path = MLImagePickerViewController.h; sourceTree = "<group>"; };
		42DE09001D643ED40064DC7C /* MLImagePickerViewController.m */ = {isa = PBXFileReference; fileEncoding = 4; lastKnownFileType = sourcecode.c.objc; path = MLImagePickerViewController.m; sourceTree = "<group>"; };
		42DE09031D643ED40064DC7C /* MLImagePickerController.bundle */ = {isa = PBXFileReference; lastKnownFileType = "wrapper.plug-in"; path = MLImagePickerController.bundle; sourceTree = "<group>"; };
/* End PBXFileReference section */

/* Begin PBXFrameworksBuildPhase section */
		4274E4411D4F21C0001D39C3 /* Frameworks */ = {
			isa = PBXFrameworksBuildPhase;
			buildActionMask = 2147483647;
			files = (
			);
			runOnlyForDeploymentPostprocessing = 0;
		};
		4274E45A1D4F21C0001D39C3 /* Frameworks */ = {
			isa = PBXFrameworksBuildPhase;
			buildActionMask = 2147483647;
			files = (
			);
			runOnlyForDeploymentPostprocessing = 0;
		};
		4274E4651D4F21C1001D39C3 /* Frameworks */ = {
			isa = PBXFrameworksBuildPhase;
			buildActionMask = 2147483647;
			files = (
			);
			runOnlyForDeploymentPostprocessing = 0;
		};
/* End PBXFrameworksBuildPhase section */

/* Begin PBXGroup section */
		426BC47C1D741AEE007F11B4 /* ThreePart */ = {
			isa = PBXGroup;
			children = (
				426BC47D1D741AEE007F11B4 /* DACircularProgress */,
				426BC4821D741AEE007F11B4 /* SDWebImage */,
			);
			path = ThreePart;
			sourceTree = "<group>";
		};
		426BC47D1D741AEE007F11B4 /* DACircularProgress */ = {
			isa = PBXGroup;
			children = (
				426BC47E1D741AEE007F11B4 /* DACircularProgressView.h */,
				426BC47F1D741AEE007F11B4 /* DACircularProgressView.m */,
				426BC4801D741AEE007F11B4 /* DALabeledCircularProgressView.h */,
				426BC4811D741AEE007F11B4 /* DALabeledCircularProgressView.m */,
			);
			path = DACircularProgress;
			sourceTree = "<group>";
		};
		426BC4821D741AEE007F11B4 /* SDWebImage */ = {
			isa = PBXGroup;
			children = (
				426BC4831D741AEE007F11B4 /* NSData+ImageContentType.h */,
				426BC4841D741AEE007F11B4 /* NSData+ImageContentType.m */,
				426BC4851D741AEE007F11B4 /* SDImageCache.h */,
				426BC4861D741AEE007F11B4 /* SDImageCache.m */,
				426BC4871D741AEE007F11B4 /* SDWebImageCompat.h */,
				426BC4881D741AEE007F11B4 /* SDWebImageCompat.m */,
				426BC4891D741AEE007F11B4 /* SDWebImageDecoder.h */,
				426BC48A1D741AEE007F11B4 /* SDWebImageDecoder.m */,
				426BC48B1D741AEE007F11B4 /* SDWebImageDownloader.h */,
				426BC48C1D741AEE007F11B4 /* SDWebImageDownloader.m */,
				426BC48D1D741AEE007F11B4 /* SDWebImageDownloaderOperation.h */,
				426BC48E1D741AEE007F11B4 /* SDWebImageDownloaderOperation.m */,
				426BC48F1D741AEE007F11B4 /* SDWebImageManager.h */,
				426BC4901D741AEE007F11B4 /* SDWebImageManager.m */,
				426BC4911D741AEE007F11B4 /* SDWebImageOperation.h */,
				426BC4921D741AEE007F11B4 /* SDWebImagePrefetcher.h */,
				426BC4931D741AEE007F11B4 /* SDWebImagePrefetcher.m */,
				426BC4941D741AEE007F11B4 /* UIButton+WebCache.h */,
				426BC4951D741AEE007F11B4 /* UIButton+WebCache.m */,
				426BC4961D741AEE007F11B4 /* UIImage+GIF.h */,
				426BC4971D741AEE007F11B4 /* UIImage+GIF.m */,
				426BC4981D741AEE007F11B4 /* UIImage+MultiFormat.h */,
				426BC4991D741AEE007F11B4 /* UIImage+MultiFormat.m */,
				426BC49A1D741AEE007F11B4 /* UIImageView+HighlightedWebCache.h */,
				426BC49B1D741AEE007F11B4 /* UIImageView+HighlightedWebCache.m */,
				426BC49C1D741AEE007F11B4 /* UIImageView+WebCache.h */,
				426BC49D1D741AEE007F11B4 /* UIImageView+WebCache.m */,
				426BC49E1D741AEE007F11B4 /* UIView+WebCacheOperation.h */,
				426BC49F1D741AEE007F11B4 /* UIView+WebCacheOperation.m */,
			);
			path = SDWebImage;
			sourceTree = "<group>";
		};
		426BC4B01D741E61007F11B4 /* Models */ = {
			isa = PBXGroup;
			children = (
				426BC4B11D741E61007F11B4 /* MLPhoto.h */,
				426BC4B21D741E61007F11B4 /* MLPhoto.m */,
			);
			path = Models;
			sourceTree = "<group>";
		};
		426BC4B51D741E61007F11B4 /* ViewController */ = {
			isa = PBXGroup;
			children = (
				426BC4B61D741E61007F11B4 /* MLPhotoBrowserViewController.h */,
				426BC4B71D741E61007F11B4 /* MLPhotoBrowserViewController.m */,
			);
			path = ViewController;
			sourceTree = "<group>";
		};
		426BC4B81D741E61007F11B4 /* Views */ = {
			isa = PBXGroup;
			children = (
				426BC4B91D741E61007F11B4 /* MLPhotoBrowserCollectionCell.h */,
				426BC4BA1D741E61007F11B4 /* MLPhotoBrowserCollectionCell.m */,
				426BC4BB1D741E61007F11B4 /* MLPhotoBrowserCollectionCell.xib */,
				426BC4BC1D741E61007F11B4 /* MLPhotoPickerBrowserPhotoImageView.h */,
				426BC4BD1D741E61007F11B4 /* MLPhotoPickerBrowserPhotoImageView.m */,
				426BC4BE1D741E61007F11B4 /* MLPhotoPickerBrowserPhotoScrollView.h */,
				426BC4BF1D741E61007F11B4 /* MLPhotoPickerBrowserPhotoScrollView.m */,
				426BC4C01D741E61007F11B4 /* MLPhotoPickerBrowserPhotoView.h */,
				426BC4C11D741E61007F11B4 /* MLPhotoPickerBrowserPhotoView.m */,
			);
			path = Views;
			sourceTree = "<group>";
		};
		4274E43B1D4F21C0001D39C3 = {
			isa = PBXGroup;
			children = (
				4274E4461D4F21C0001D39C3 /* MLPhotoLib */,
				4274E4601D4F21C0001D39C3 /* MLPhotoLibTests */,
				4274E46B1D4F21C1001D39C3 /* MLPhotoLibUITests */,
				4274E4451D4F21C0001D39C3 /* Products */,
			);
			sourceTree = "<group>";
		};
		4274E4451D4F21C0001D39C3 /* Products */ = {
			isa = PBXGroup;
			children = (
				4274E4441D4F21C0001D39C3 /* MLPhotoLib.app */,
				4274E45D1D4F21C0001D39C3 /* MLPhotoLibTests.xctest */,
				4274E4681D4F21C1001D39C3 /* MLPhotoLibUITests.xctest */,
			);
			name = Products;
			sourceTree = "<group>";
		};
		4274E4461D4F21C0001D39C3 /* MLPhotoLib */ = {
			isa = PBXGroup;
			children = (
				42DE08D71D643ED40064DC7C /* MLPhotoLib */,
				4274E44A1D4F21C0001D39C3 /* AppDelegate.h */,
				4274E44B1D4F21C0001D39C3 /* AppDelegate.m */,
				4274E44D1D4F21C0001D39C3 /* ViewController.h */,
				4274E44E1D4F21C0001D39C3 /* ViewController.m */,
				4274E4501D4F21C0001D39C3 /* Main.storyboard */,
				4274E4531D4F21C0001D39C3 /* Assets.xcassets */,
				4274E4551D4F21C0001D39C3 /* LaunchScreen.storyboard */,
				4274E4581D4F21C0001D39C3 /* Info.plist */,
				4274E4471D4F21C0001D39C3 /* Supporting Files */,
				426BC4D31D741F19007F11B4 /* BrowserViewController.h */,
				426BC4D41D741F19007F11B4 /* BrowserViewController.m */,
			);
			path = MLPhotoLib;
			sourceTree = "<group>";
		};
		4274E4471D4F21C0001D39C3 /* Supporting Files */ = {
			isa = PBXGroup;
			children = (
				4274E4481D4F21C0001D39C3 /* main.m */,
			);
			name = "Supporting Files";
			sourceTree = "<group>";
		};
		4274E4601D4F21C0001D39C3 /* MLPhotoLibTests */ = {
			isa = PBXGroup;
			children = (
				4274E4611D4F21C0001D39C3 /* MLPhotoLibTests.m */,
				4274E4631D4F21C1001D39C3 /* Info.plist */,
			);
			path = MLPhotoLibTests;
			sourceTree = "<group>";
		};
		4274E46B1D4F21C1001D39C3 /* MLPhotoLibUITests */ = {
			isa = PBXGroup;
			children = (
				4274E46C1D4F21C1001D39C3 /* MLPhotoLibUITests.m */,
				4274E46E1D4F21C1001D39C3 /* Info.plist */,
			);
			path = MLPhotoLibUITests;
			sourceTree = "<group>";
		};
		42B97B321D6597FA0097EFC0 /* Base */ = {
			isa = PBXGroup;
			children = (
				426BC4D01D741EBA007F11B4 /* MLPhotoAsset.h */,
				426BC4D11D741EBA007F11B4 /* MLPhotoAsset.m */,
				426BC4CD1D741E9D007F11B4 /* MLPhotoKitData.h */,
				426BC4CE1D741E9D007F11B4 /* MLPhotoKitData.m */,
				42B97B3D1D659DA10097EFC0 /* MLNavigationViewController.h */,
				42B97B3E1D659DA10097EFC0 /* MLNavigationViewController.m */,
				42B97B3A1D659D770097EFC0 /* MLImagePickerHUD.h */,
				42B97B3B1D659D770097EFC0 /* MLImagePickerHUD.m */,
				42B97B361D659B750097EFC0 /* MLPhotoPickerManager.h */,
				42B97B371D659B750097EFC0 /* MLPhotoPickerManager.m */,
				42B97B331D659B290097EFC0 /* MLPhotoRect.h */,
				42B97B341D659B290097EFC0 /* MLPhotoRect.m */,
				42B97B391D659CD50097EFC0 /* MLPhotoPickerHeader.h */,
			);
			path = Base;
			sourceTree = "<group>";
		};
		42DE08D71D643ED40064DC7C /* MLPhotoLib */ = {
			isa = PBXGroup;
			children = (
				426BC47C1D741AEE007F11B4 /* ThreePart */,
				42DE08D81D643ED40064DC7C /* Classes */,
				42DE09031D643ED40064DC7C /* MLImagePickerController.bundle */,
			);
			path = MLPhotoLib;
			sourceTree = "<group>";
		};
		42DE08D81D643ED40064DC7C /* Classes */ = {
			isa = PBXGroup;
			children = (
				42B97B321D6597FA0097EFC0 /* Base */,
				42DE08D91D643ED40064DC7C /* MLPhotoBrowser */,
				42DE08E31D643ED40064DC7C /* MLPhotoPicker */,
			);
			path = Classes;
			sourceTree = "<group>";
		};
		42DE08D91D643ED40064DC7C /* MLPhotoBrowser */ = {
			isa = PBXGroup;
			children = (
				426BC4B01D741E61007F11B4 /* Models */,
				426BC4B51D741E61007F11B4 /* ViewController */,
				426BC4B81D741E61007F11B4 /* Views */,
			);
			path = MLPhotoBrowser;
			sourceTree = "<group>";
		};
		42DE08E31D643ED40064DC7C /* MLPhotoPicker */ = {
			isa = PBXGroup;
			children = (
				42DE08E41D643ED40064DC7C /* Model */,
				42DE08EF1D643ED40064DC7C /* UIView */,
				42DE08FC1D643ED40064DC7C /* UIViewController */,
			);
			path = MLPhotoPicker;
			sourceTree = "<group>";
		};
		42DE08E41D643ED40064DC7C /* Model */ = {
			isa = PBXGroup;
			children = (
				42DE08E91D643ED40064DC7C /* MLPhotoPickerAssetsManager.h */,
				42DE08EA1D643ED40064DC7C /* MLPhotoPickerAssetsManager.m */,
				42DE08EB1D643ED40064DC7C /* MLPhotoPickerData.h */,
				42DE08EC1D643ED40064DC7C /* MLPhotoPickerData.m */,
			);
			path = Model;
			sourceTree = "<group>";
		};
		42DE08EF1D643ED40064DC7C /* UIView */ = {
			isa = PBXGroup;
			children = (
				42DE08F01D643ED40064DC7C /* MLImagePickerCollectionViewCell.h */,
				42DE08F11D643ED40064DC7C /* MLImagePickerCollectionViewCell.m */,
				42DE08F21D643ED40064DC7C /* MLImagePickerCollectionViewCell.xib */,
				42DE08F51D643ED40064DC7C /* MLImagePickerMenuTableViewCell.h */,
				42DE08F61D643ED40064DC7C /* MLImagePickerMenuTableViewCell.m */,
				42DE08F71D643ED40064DC7C /* MLImagePickerMenuTableViewCell.xib */,
				42DE08F81D643ED40064DC7C /* MLPhotoPickerCollectionView.h */,
				42DE08F91D643ED40064DC7C /* MLPhotoPickerCollectionView.m */,
				42DE08FA1D643ED40064DC7C /* UIButton+Animation.h */,
				42DE08FB1D643ED40064DC7C /* UIButton+Animation.m */,
			);
			path = UIView;
			sourceTree = "<group>";
		};
		42DE08FC1D643ED40064DC7C /* UIViewController */ = {
			isa = PBXGroup;
			children = (
				42DE08FD1D643ED40064DC7C /* MLImagePickerViewController+MenuTableViewDataSource.h */,
				42DE08FE1D643ED40064DC7C /* MLImagePickerViewController+MenuTableViewDataSource.m */,
				42DE08FF1D643ED40064DC7C /* MLImagePickerViewController.h */,
				42DE09001D643ED40064DC7C /* MLImagePickerViewController.m */,
			);
			path = UIViewController;
			sourceTree = "<group>";
		};
/* End PBXGroup section */

/* Begin PBXNativeTarget section */
		4274E4431D4F21C0001D39C3 /* MLPhotoLib */ = {
			isa = PBXNativeTarget;
			buildConfigurationList = 4274E4711D4F21C1001D39C3 /* Build configuration list for PBXNativeTarget "MLPhotoLib" */;
			buildPhases = (
				4274E4401D4F21C0001D39C3 /* Sources */,
				4274E4411D4F21C0001D39C3 /* Frameworks */,
				4274E4421D4F21C0001D39C3 /* Resources */,
			);
			buildRules = (
			);
			dependencies = (
			);
			name = MLPhotoLib;
			productName = MLPhotoLib;
			productReference = 4274E4441D4F21C0001D39C3 /* MLPhotoLib.app */;
			productType = "com.apple.product-type.application";
		};
		4274E45C1D4F21C0001D39C3 /* MLPhotoLibTests */ = {
			isa = PBXNativeTarget;
			buildConfigurationList = 4274E4741D4F21C1001D39C3 /* Build configuration list for PBXNativeTarget "MLPhotoLibTests" */;
			buildPhases = (
				4274E4591D4F21C0001D39C3 /* Sources */,
				4274E45A1D4F21C0001D39C3 /* Frameworks */,
				4274E45B1D4F21C0001D39C3 /* Resources */,
			);
			buildRules = (
			);
			dependencies = (
				4274E45F1D4F21C0001D39C3 /* PBXTargetDependency */,
			);
			name = MLPhotoLibTests;
			productName = MLPhotoLibTests;
			productReference = 4274E45D1D4F21C0001D39C3 /* MLPhotoLibTests.xctest */;
			productType = "com.apple.product-type.bundle.unit-test";
		};
		4274E4671D4F21C1001D39C3 /* MLPhotoLibUITests */ = {
			isa = PBXNativeTarget;
			buildConfigurationList = 4274E4771D4F21C1001D39C3 /* Build configuration list for PBXNativeTarget "MLPhotoLibUITests" */;
			buildPhases = (
				4274E4641D4F21C1001D39C3 /* Sources */,
				4274E4651D4F21C1001D39C3 /* Frameworks */,
				4274E4661D4F21C1001D39C3 /* Resources */,
			);
			buildRules = (
			);
			dependencies = (
				4274E46A1D4F21C1001D39C3 /* PBXTargetDependency */,
			);
			name = MLPhotoLibUITests;
			productName = MLPhotoLibUITests;
			productReference = 4274E4681D4F21C1001D39C3 /* MLPhotoLibUITests.xctest */;
			productType = "com.apple.product-type.bundle.ui-testing";
		};
/* End PBXNativeTarget section */

/* Begin PBXProject section */
		4274E43C1D4F21C0001D39C3 /* Project object */ = {
			isa = PBXProject;
			attributes = {
				LastUpgradeCheck = 0730;
				ORGANIZATIONNAME = Free;
				TargetAttributes = {
					4274E4431D4F21C0001D39C3 = {
						CreatedOnToolsVersion = 7.3.1;
						DevelopmentTeam = B3C9PH5883;
					};
					4274E45C1D4F21C0001D39C3 = {
						CreatedOnToolsVersion = 7.3.1;
						TestTargetID = 4274E4431D4F21C0001D39C3;
					};
					4274E4671D4F21C1001D39C3 = {
						CreatedOnToolsVersion = 7.3.1;
						TestTargetID = 4274E4431D4F21C0001D39C3;
					};
				};
			};
			buildConfigurationList = 4274E43F1D4F21C0001D39C3 /* Build configuration list for PBXProject "MLPhotoLib" */;
			compatibilityVersion = "Xcode 3.2";
			developmentRegion = English;
			hasScannedForEncodings = 0;
			knownRegions = (
				en,
				Base,
			);
			mainGroup = 4274E43B1D4F21C0001D39C3;
			productRefGroup = 4274E4451D4F21C0001D39C3 /* Products */;
			projectDirPath = "";
			projectRoot = "";
			targets = (
				4274E4431D4F21C0001D39C3 /* MLPhotoLib */,
				4274E45C1D4F21C0001D39C3 /* MLPhotoLibTests */,
				4274E4671D4F21C1001D39C3 /* MLPhotoLibUITests */,
			);
		};
/* End PBXProject section */

/* Begin PBXResourcesBuildPhase section */
		4274E4421D4F21C0001D39C3 /* Resources */ = {
			isa = PBXResourcesBuildPhase;
			buildActionMask = 2147483647;
			files = (
				42DE09181D643ED40064DC7C /* MLImagePickerController.bundle in Resources */,
				42DE090F1D643ED40064DC7C /* MLImagePickerCollectionViewCell.xib in Resources */,
				4274E4571D4F21C0001D39C3 /* LaunchScreen.storyboard in Resources */,
				42DE09121D643ED40064DC7C /* MLImagePickerMenuTableViewCell.xib in Resources */,
				426BC4C81D741E61007F11B4 /* MLPhotoBrowserCollectionCell.xib in Resources */,
				4274E4541D4F21C0001D39C3 /* Assets.xcassets in Resources */,
				4274E4521D4F21C0001D39C3 /* Main.storyboard in Resources */,
			);
			runOnlyForDeploymentPostprocessing = 0;
		};
		4274E45B1D4F21C0001D39C3 /* Resources */ = {
			isa = PBXResourcesBuildPhase;
			buildActionMask = 2147483647;
			files = (
			);
			runOnlyForDeploymentPostprocessing = 0;
		};
		4274E4661D4F21C1001D39C3 /* Resources */ = {
			isa = PBXResourcesBuildPhase;
			buildActionMask = 2147483647;
			files = (
			);
			runOnlyForDeploymentPostprocessing = 0;
		};
/* End PBXResourcesBuildPhase section */

/* Begin PBXSourcesBuildPhase section */
		4274E4401D4F21C0001D39C3 /* Sources */ = {
			isa = PBXSourcesBuildPhase;
			buildActionMask = 2147483647;
			files = (
				426BC4A71D741AEE007F11B4 /* SDWebImageDownloaderOperation.m in Sources */,
				426BC4D21D741EBA007F11B4 /* MLPhotoAsset.m in Sources */,
				426BC4AF1D741AEE007F11B4 /* UIView+WebCacheOperation.m in Sources */,
				426BC4CA1D741E61007F11B4 /* MLPhotoPickerBrowserPhotoScrollView.m in Sources */,
				426BC4A91D741AEE007F11B4 /* SDWebImagePrefetcher.m in Sources */,
				426BC4AE1D741AEE007F11B4 /* UIImageView+WebCache.m in Sources */,
				42DE09131D643ED40064DC7C /* MLPhotoPickerCollectionView.m in Sources */,
				426BC4A31D741AEE007F11B4 /* SDImageCache.m in Sources */,
				426BC4A81D741AEE007F11B4 /* SDWebImageManager.m in Sources */,
				426BC4A11D741AEE007F11B4 /* DALabeledCircularProgressView.m in Sources */,
				426BC4CB1D741E61007F11B4 /* MLPhotoPickerBrowserPhotoView.m in Sources */,
				42DE09141D643ED40064DC7C /* UIButton+Animation.m in Sources */,
				42DE090C1D643ED40064DC7C /* MLPhotoPickerData.m in Sources */,
				42B97B351D659B290097EFC0 /* MLPhotoRect.m in Sources */,
				426BC4C91D741E61007F11B4 /* MLPhotoPickerBrowserPhotoImageView.m in Sources */,
				426BC4C61D741E61007F11B4 /* MLPhotoBrowserViewController.m in Sources */,
				426BC4A41D741AEE007F11B4 /* SDWebImageCompat.m in Sources */,
				4274E44F1D4F21C0001D39C3 /* ViewController.m in Sources */,
				426BC4AD1D741AEE007F11B4 /* UIImageView+HighlightedWebCache.m in Sources */,
				42DE09111D643ED40064DC7C /* MLImagePickerMenuTableViewCell.m in Sources */,
				426BC4A51D741AEE007F11B4 /* SDWebImageDecoder.m in Sources */,
				426BC4CF1D741E9D007F11B4 /* MLPhotoKitData.m in Sources */,
				4274E44C1D4F21C0001D39C3 /* AppDelegate.m in Sources */,
				42B97B3F1D659DA10097EFC0 /* MLNavigationViewController.m in Sources */,
				42DE090B1D643ED40064DC7C /* MLPhotoPickerAssetsManager.m in Sources */,
				42B97B3C1D659D770097EFC0 /* MLImagePickerHUD.m in Sources */,
				426BC4D51D741F19007F11B4 /* BrowserViewController.m in Sources */,
				4274E4491D4F21C0001D39C3 /* main.m in Sources */,
				426BC4AC1D741AEE007F11B4 /* UIImage+MultiFormat.m in Sources */,
				426BC4A21D741AEE007F11B4 /* NSData+ImageContentType.m in Sources */,
				426BC4C41D741E61007F11B4 /* MLPhoto.m in Sources */,
				426BC4C71D741E61007F11B4 /* MLPhotoBrowserCollectionCell.m in Sources */,
				426BC4AA1D741AEE007F11B4 /* UIButton+WebCache.m in Sources */,
				42DE09161D643ED40064DC7C /* MLImagePickerViewController.m in Sources */,
				42DE090E1D643ED40064DC7C /* MLImagePickerCollectionViewCell.m in Sources */,
				426BC4AB1D741AEE007F11B4 /* UIImage+GIF.m in Sources */,
				426BC4A61D741AEE007F11B4 /* SDWebImageDownloader.m in Sources */,
				42DE09151D643ED40064DC7C /* MLImagePickerViewController+MenuTableViewDataSource.m in Sources */,
				42B97B381D659B750097EFC0 /* MLPhotoPickerManager.m in Sources */,
				426BC4A01D741AEE007F11B4 /* DACircularProgressView.m in Sources */,
			);
			runOnlyForDeploymentPostprocessing = 0;
		};
		4274E4591D4F21C0001D39C3 /* Sources */ = {
			isa = PBXSourcesBuildPhase;
			buildActionMask = 2147483647;
			files = (
				4274E4621D4F21C0001D39C3 /* MLPhotoLibTests.m in Sources */,
			);
			runOnlyForDeploymentPostprocessing = 0;
		};
		4274E4641D4F21C1001D39C3 /* Sources */ = {
			isa = PBXSourcesBuildPhase;
			buildActionMask = 2147483647;
			files = (
				4274E46D1D4F21C1001D39C3 /* MLPhotoLibUITests.m in Sources */,
			);
			runOnlyForDeploymentPostprocessing = 0;
		};
/* End PBXSourcesBuildPhase section */

/* Begin PBXTargetDependency section */
		4274E45F1D4F21C0001D39C3 /* PBXTargetDependency */ = {
			isa = PBXTargetDependency;
			target = 4274E4431D4F21C0001D39C3 /* MLPhotoLib */;
			targetProxy = 4274E45E1D4F21C0001D39C3 /* PBXContainerItemProxy */;
		};
		4274E46A1D4F21C1001D39C3 /* PBXTargetDependency */ = {
			isa = PBXTargetDependency;
			target = 4274E4431D4F21C0001D39C3 /* MLPhotoLib */;
			targetProxy = 4274E4691D4F21C1001D39C3 /* PBXContainerItemProxy */;
		};
/* End PBXTargetDependency section */

/* Begin PBXVariantGroup section */
		4274E4501D4F21C0001D39C3 /* Main.storyboard */ = {
			isa = PBXVariantGroup;
			children = (
				4274E4511D4F21C0001D39C3 /* Base */,
			);
			name = Main.storyboard;
			sourceTree = "<group>";
		};
		4274E4551D4F21C0001D39C3 /* LaunchScreen.storyboard */ = {
			isa = PBXVariantGroup;
			children = (
				4274E4561D4F21C0001D39C3 /* Base */,
			);
			name = LaunchScreen.storyboard;
			sourceTree = "<group>";
		};
/* End PBXVariantGroup section */

/* Begin XCBuildConfiguration section */
		4274E46F1D4F21C1001D39C3 /* Debug */ = {
			isa = XCBuildConfiguration;
			buildSettings = {
				ALWAYS_SEARCH_USER_PATHS = NO;
				CLANG_ANALYZER_NONNULL = YES;
				CLANG_CXX_LANGUAGE_STANDARD = "gnu++0x";
				CLANG_CXX_LIBRARY = "libc++";
				CLANG_ENABLE_MODULES = YES;
				CLANG_ENABLE_OBJC_ARC = YES;
				CLANG_WARN_BOOL_CONVERSION = YES;
				CLANG_WARN_CONSTANT_CONVERSION = YES;
				CLANG_WARN_DIRECT_OBJC_ISA_USAGE = YES_ERROR;
				CLANG_WARN_EMPTY_BODY = YES;
				CLANG_WARN_ENUM_CONVERSION = YES;
				CLANG_WARN_INT_CONVERSION = YES;
				CLANG_WARN_OBJC_ROOT_CLASS = YES_ERROR;
				CLANG_WARN_UNREACHABLE_CODE = YES;
				CLANG_WARN__DUPLICATE_METHOD_MATCH = YES;
				"CODE_SIGN_IDENTITY[sdk=iphoneos*]" = "iPhone Developer";
				COPY_PHASE_STRIP = NO;
				DEBUG_INFORMATION_FORMAT = dwarf;
				ENABLE_STRICT_OBJC_MSGSEND = YES;
				ENABLE_TESTABILITY = YES;
				GCC_C_LANGUAGE_STANDARD = gnu99;
				GCC_DYNAMIC_NO_PIC = NO;
				GCC_NO_COMMON_BLOCKS = YES;
				GCC_OPTIMIZATION_LEVEL = 0;
				GCC_PREPROCESSOR_DEFINITIONS = (
					"DEBUG=1",
					"$(inherited)",
				);
				GCC_WARN_64_TO_32_BIT_CONVERSION = YES;
				GCC_WARN_ABOUT_RETURN_TYPE = YES_ERROR;
				GCC_WARN_UNDECLARED_SELECTOR = YES;
				GCC_WARN_UNINITIALIZED_AUTOS = YES_AGGRESSIVE;
				GCC_WARN_UNUSED_FUNCTION = YES;
				GCC_WARN_UNUSED_VARIABLE = YES;
				IPHONEOS_DEPLOYMENT_TARGET = 9.3;
				MTL_ENABLE_DEBUG_INFO = YES;
				ONLY_ACTIVE_ARCH = YES;
				SDKROOT = iphoneos;
				TARGETED_DEVICE_FAMILY = "1,2";
			};
			name = Debug;
		};
		4274E4701D4F21C1001D39C3 /* Release */ = {
			isa = XCBuildConfiguration;
			buildSettings = {
				ALWAYS_SEARCH_USER_PATHS = NO;
				CLANG_ANALYZER_NONNULL = YES;
				CLANG_CXX_LANGUAGE_STANDARD = "gnu++0x";
				CLANG_CXX_LIBRARY = "libc++";
				CLANG_ENABLE_MODULES = YES;
				CLANG_ENABLE_OBJC_ARC = YES;
				CLANG_WARN_BOOL_CONVERSION = YES;
				CLANG_WARN_CONSTANT_CONVERSION = YES;
				CLANG_WARN_DIRECT_OBJC_ISA_USAGE = YES_ERROR;
				CLANG_WARN_EMPTY_BODY = YES;
				CLANG_WARN_ENUM_CONVERSION = YES;
				CLANG_WARN_INT_CONVERSION = YES;
				CLANG_WARN_OBJC_ROOT_CLASS = YES_ERROR;
				CLANG_WARN_UNREACHABLE_CODE = YES;
				CLANG_WARN__DUPLICATE_METHOD_MATCH = YES;
				"CODE_SIGN_IDENTITY[sdk=iphoneos*]" = "iPhone Developer";
				COPY_PHASE_STRIP = NO;
				DEBUG_INFORMATION_FORMAT = "dwarf-with-dsym";
				ENABLE_NS_ASSERTIONS = NO;
				ENABLE_STRICT_OBJC_MSGSEND = YES;
				GCC_C_LANGUAGE_STANDARD = gnu99;
				GCC_NO_COMMON_BLOCKS = YES;
				GCC_WARN_64_TO_32_BIT_CONVERSION = YES;
				GCC_WARN_ABOUT_RETURN_TYPE = YES_ERROR;
				GCC_WARN_UNDECLARED_SELECTOR = YES;
				GCC_WARN_UNINITIALIZED_AUTOS = YES_AGGRESSIVE;
				GCC_WARN_UNUSED_FUNCTION = YES;
				GCC_WARN_UNUSED_VARIABLE = YES;
				IPHONEOS_DEPLOYMENT_TARGET = 9.3;
				MTL_ENABLE_DEBUG_INFO = NO;
				SDKROOT = iphoneos;
				TARGETED_DEVICE_FAMILY = "1,2";
				VALIDATE_PRODUCT = YES;
			};
			name = Release;
		};
		4274E4721D4F21C1001D39C3 /* Debug */ = {
			isa = XCBuildConfiguration;
			buildSettings = {
				ASSETCATALOG_COMPILER_APPICON_NAME = AppIcon;
				CODE_SIGN_IDENTITY = "iPhone Developer";
				INFOPLIST_FILE = MLPhotoLib/Info.plist;
				IPHONEOS_DEPLOYMENT_TARGET = 7.0;
				LD_RUNPATH_SEARCH_PATHS = "$(inherited) @executable_path/Frameworks";
				PRODUCT_BUNDLE_IDENTIFIER = leisuro.MLPhotoLib;
				PRODUCT_NAME = "$(TARGET_NAME)";
				PROVISIONING_PROFILE = "";
			};
			name = Debug;
		};
		4274E4731D4F21C1001D39C3 /* Release */ = {
			isa = XCBuildConfiguration;
			buildSettings = {
				ASSETCATALOG_COMPILER_APPICON_NAME = AppIcon;
				CODE_SIGN_IDENTITY = "iPhone Developer";
				INFOPLIST_FILE = MLPhotoLib/Info.plist;
				IPHONEOS_DEPLOYMENT_TARGET = 7.0;
				LD_RUNPATH_SEARCH_PATHS = "$(inherited) @executable_path/Frameworks";
				PRODUCT_BUNDLE_IDENTIFIER = leisuro.MLPhotoLib;
				PRODUCT_NAME = "$(TARGET_NAME)";
				PROVISIONING_PROFILE = "";
			};
			name = Release;
		};
		4274E4751D4F21C1001D39C3 /* Debug */ = {
			isa = XCBuildConfiguration;
			buildSettings = {
				BUNDLE_LOADER = "$(TEST_HOST)";
				INFOPLIST_FILE = MLPhotoLibTests/Info.plist;
				LD_RUNPATH_SEARCH_PATHS = "$(inherited) @executable_path/Frameworks @loader_path/Frameworks";
				PRODUCT_BUNDLE_IDENTIFIER = leisuro.MLPhotoLibTests;
				PRODUCT_NAME = "$(TARGET_NAME)";
				TEST_HOST = "$(BUILT_PRODUCTS_DIR)/MLPhotoLib.app/MLPhotoLib";
			};
			name = Debug;
		};
		4274E4761D4F21C1001D39C3 /* Release */ = {
			isa = XCBuildConfiguration;
			buildSettings = {
				BUNDLE_LOADER = "$(TEST_HOST)";
				INFOPLIST_FILE = MLPhotoLibTests/Info.plist;
				LD_RUNPATH_SEARCH_PATHS = "$(inherited) @executable_path/Frameworks @loader_path/Frameworks";
				PRODUCT_BUNDLE_IDENTIFIER = leisuro.MLPhotoLibTests;
				PRODUCT_NAME = "$(TARGET_NAME)";
				TEST_HOST = "$(BUILT_PRODUCTS_DIR)/MLPhotoLib.app/MLPhotoLib";
			};
			name = Release;
		};
		4274E4781D4F21C1001D39C3 /* Debug */ = {
			isa = XCBuildConfiguration;
			buildSettings = {
				INFOPLIST_FILE = MLPhotoLibUITests/Info.plist;
				LD_RUNPATH_SEARCH_PATHS = "$(inherited) @executable_path/Frameworks @loader_path/Frameworks";
				PRODUCT_BUNDLE_IDENTIFIER = leisuro.MLPhotoLibUITests;
				PRODUCT_NAME = "$(TARGET_NAME)";
				TEST_TARGET_NAME = MLPhotoLib;
			};
			name = Debug;
		};
		4274E4791D4F21C1001D39C3 /* Release */ = {
			isa = XCBuildConfiguration;
			buildSettings = {
				INFOPLIST_FILE = MLPhotoLibUITests/Info.plist;
				LD_RUNPATH_SEARCH_PATHS = "$(inherited) @executable_path/Frameworks @loader_path/Frameworks";
				PRODUCT_BUNDLE_IDENTIFIER = leisuro.MLPhotoLibUITests;
				PRODUCT_NAME = "$(TARGET_NAME)";
				TEST_TARGET_NAME = MLPhotoLib;
			};
			name = Release;
		};
/* End XCBuildConfiguration section */

/* Begin XCConfigurationList section */
		4274E43F1D4F21C0001D39C3 /* Build configuration list for PBXProject "MLPhotoLib" */ = {
			isa = XCConfigurationList;
			buildConfigurations = (
				4274E46F1D4F21C1001D39C3 /* Debug */,
				4274E4701D4F21C1001D39C3 /* Release */,
			);
			defaultConfigurationIsVisible = 0;
			defaultConfigurationName = Release;
		};
		4274E4711D4F21C1001D39C3 /* Build configuration list for PBXNativeTarget "MLPhotoLib" */ = {
			isa = XCConfigurationList;
			buildConfigurations = (
				4274E4721D4F21C1001D39C3 /* Debug */,
				4274E4731D4F21C1001D39C3 /* Release */,
			);
			defaultConfigurationIsVisible = 0;
			defaultConfigurationName = Release;
		};
		4274E4741D4F21C1001D39C3 /* Build configuration list for PBXNativeTarget "MLPhotoLibTests" */ = {
			isa = XCConfigurationList;
			buildConfigurations = (
				4274E4751D4F21C1001D39C3 /* Debug */,
				4274E4761D4F21C1001D39C3 /* Release */,
			);
			defaultConfigurationIsVisible = 0;
			defaultConfigurationName = Release;
		};
		4274E4771D4F21C1001D39C3 /* Build configuration list for PBXNativeTarget "MLPhotoLibUITests" */ = {
			isa = XCConfigurationList;
			buildConfigurations = (
				4274E4781D4F21C1001D39C3 /* Debug */,
				4274E4791D4F21C1001D39C3 /* Release */,
			);
			defaultConfigurationIsVisible = 0;
			defaultConfigurationName = Release;
		};
/* End XCConfigurationList section */
	};
	rootObject = 4274E43C1D4F21C0001D39C3 /* Project object */;
}
